
Microsoft Visual Studio Solution File, Format Version 12.00
# Visual Studio 15
Project("{FAE04EC0-301F-11D3-BF4B-00C04F79EFBC}") = "BeGreen.Android", "BeGreen.Android\BeGreen.Android.csproj", "{52CEB836-6562-4617-83BD-084750A6D14D}"
EndProject
Project("{FAE04EC0-301F-11D3-BF4B-00C04F79EFBC}") = "BeGreen.iOS", "BeGreen.iOS\BeGreen.iOS.csproj", "{D62B41EF-AFF3-4FCB-9C47-E01DAA9F8B26}"
EndProject
Project("{FAE04EC0-301F-11D3-BF4B-00C04F79EFBC}") = "BeGreen.UITests", "BeGreen.UITests\BeGreen.UITests.csproj", "{F24FF37D-FE13-402B-8351-D78B9CC4F96D}"
EndProject
Project("{FAE04EC0-301F-11D3-BF4B-00C04F79EFBC}") = "BeGreen", "BeGreen\BeGreen.csproj", "{0E779902-7814-4451-9DBF-1DDACB02C2C4}"
EndProject
Global
	GlobalSection(SolutionConfigurationPlatforms) = preSolution
		Debug|Any CPU = Debug|Any CPU
		Release|Any CPU = Release|Any CPU
		Debug|iPhoneSimulator = Debug|iPhoneSimulator
		Release|iPhoneSimulator = Release|iPhoneSimulator
		Debug|iPhone = Debug|iPhone
		Release|iPhone = Release|iPhone
	EndGlobalSection
	GlobalSection(ProjectConfigurationPlatforms) = postSolution
		{52CEB836-6562-4617-83BD-084750A6D14D}.Debug|Any CPU.ActiveCfg = Debug|Any CPU
		{52CEB836-6562-4617-83BD-084750A6D14D}.Debug|Any CPU.Build.0 = Debug|Any CPU
		{52CEB836-6562-4617-83BD-084750A6D14D}.Release|Any CPU.ActiveCfg = Release|Any CPU
		{52CEB836-6562-4617-83BD-084750A6D14D}.Release|Any CPU.Build.0 = Release|Any CPU
		{52CEB836-6562-4617-83BD-084750A6D14D}.Debug|iPhoneSimulator.ActiveCfg = Debug|Any CPU
		{52CEB836-6562-4617-83BD-084750A6D14D}.Debug|iPhoneSimulator.Build.0 = Debug|Any CPU
		{52CEB836-6562-4617-83BD-084750A6D14D}.Release|iPhoneSimulator.ActiveCfg = Release|Any CPU
		{52CEB836-6562-4617-83BD-084750A6D14D}.Release|iPhoneSimulator.Build.0 = Release|Any CPU
		{52CEB836-6562-4617-83BD-084750A6D14D}.Debug|iPhone.ActiveCfg = Debug|Any CPU
		{52CEB836-6562-4617-83BD-084750A6D14D}.Debug|iPhone.Build.0 = Debug|Any CPU
		{52CEB836-6562-4617-83BD-084750A6D14D}.Release|iPhone.ActiveCfg = Release|Any CPU
		{52CEB836-6562-4617-83BD-084750A6D14D}.Release|iPhone.Build.0 = Release|Any CPU
		{D62B41EF-AFF3-4FCB-9C47-E01DAA9F8B26}.Debug|Any CPU.ActiveCfg = Debug|iPhoneSimulator
		{D62B41EF-AFF3-4FCB-9C47-E01DAA9F8B26}.Debug|Any CPU.Build.0 = Debug|iPhoneSimulator
		{D62B41EF-AFF3-4FCB-9C47-E01DAA9F8B26}.Release|Any CPU.ActiveCfg = Release|iPhoneSimulator
		{D62B41EF-AFF3-4FCB-9C47-E01DAA9F8B26}.Release|Any CPU.Build.0 = Release|iPhoneSimulator
		{D62B41EF-AFF3-4FCB-9C47-E01DAA9F8B26}.Debug|iPhoneSimulator.ActiveCfg = Debug|iPhoneSimulator
		{D62B41EF-AFF3-4FCB-9C47-E01DAA9F8B26}.Debug|iPhoneSimulator.Build.0 = Debug|iPhoneSimulator
		{D62B41EF-AFF3-4FCB-9C47-E01DAA9F8B26}.Release|iPhoneSimulator.ActiveCfg = Release|iPhoneSimulator
		{D62B41EF-AFF3-4FCB-9C47-E01DAA9F8B26}.Release|iPhoneSimulator.Build.0 = Release|iPhoneSimulator
		{D62B41EF-AFF3-4FCB-9C47-E01DAA9F8B26}.Debug|iPhone.ActiveCfg = Debug|iPhone
		{D62B41EF-AFF3-4FCB-9C47-E01DAA9F8B26}.Debug|iPhone.Build.0 = Debug|iPhone
		{D62B41EF-AFF3-4FCB-9C47-E01DAA9F8B26}.Release|iPhone.ActiveCfg = Release|iPhone
		{D62B41EF-AFF3-4FCB-9C47-E01DAA9F8B26}.Release|iPhone.Build.0 = Release|iPhone
		{F24FF37D-FE13-402B-8351-D78B9CC4F96D}.Debug|Any CPU.ActiveCfg = Debug|Any CPU
		{F24FF37D-FE13-402B-8351-D78B9CC4F96D}.Debug|Any CPU.Build.0 = Debug|Any CPU
		{F24FF37D-FE13-402B-8351-D78B9CC4F96D}.Release|Any CPU.ActiveCfg = Release|Any CPU
		{F24FF37D-FE13-402B-8351-D78B9CC4F96D}.Release|Any CPU.Build.0 = Release|Any CPU
		{F24FF37D-FE13-402B-8351-D78B9CC4F96D}.Debug|iPhoneSimulator.ActiveCfg = Debug|Any CPU
		{F24FF37D-FE13-402B-8351-D78B9CC4F96D}.Debug|iPhoneSimulator.Build.0 = Debug|Any CPU
		{F24FF37D-FE13-402B-8351-D78B9CC4F96D}.Release|iPhoneSimulator.ActiveCfg = Release|Any CPU
		{F24FF37D-FE13-402B-8351-D78B9CC4F96D}.Release|iPhoneSimulator.Build.0 = Release|Any CPU
		{F24FF37D-FE13-402B-8351-D78B9CC4F96D}.Debug|iPhone.ActiveCfg = Debug|Any CPU
		{F24FF37D-FE13-402B-8351-D78B9CC4F96D}.Debug|iPhone.Build.0 = Debug|Any CPU
		{F24FF37D-FE13-402B-8351-D78B9CC4F96D}.Release|iPhone.ActiveCfg = Release|Any CPU
		{F24FF37D-FE13-402B-8351-D78B9CC4F96D}.Release|iPhone.Build.0 = Release|Any CPU
		{0E779902-7814-4451-9DBF-1DDACB02C2C4}.Debug|Any CPU.ActiveCfg = Debug|Any CPU
		{0E779902-7814-4451-9DBF-1DDACB02C2C4}.Debug|Any CPU.Build.0 = Debug|Any CPU
		{0E779902-7814-4451-9DBF-1DDACB02C2C4}.Release|Any CPU.ActiveCfg = Release|Any CPU
		{0E779902-7814-4451-9DBF-1DDACB02C2C4}.Release|Any CPU.Build.0 = Release|Any CPU
		{0E779902-7814-4451-9DBF-1DDACB02C2C4}.Debug|iPhoneSimulator.ActiveCfg = Debug|Any CPU
		{0E779902-7814-4451-9DBF-1DDACB02C2C4}.Debug|iPhoneSimulator.Build.0 = Debug|Any CPU
		{0E779902-7814-4451-9DBF-1DDACB02C2C4}.Release|iPhoneSimulator.ActiveCfg = Release|Any CPU
		{0E779902-7814-4451-9DBF-1DDACB02C2C4}.Release|iPhoneSimulator.Build.0 = Release|Any CPU
		{0E779902-7814-4451-9DBF-1DDACB02C2C4}.Debug|iPhone.ActiveCfg = Debug|Any CPU
		{0E779902-7814-4451-9DBF-1DDACB02C2C4}.Debug|iPhone.Build.0 = Debug|Any CPU
		{0E779902-7814-4451-9DBF-1DDACB02C2C4}.Release|iPhone.ActiveCfg = Release|Any CPU
		{0E779902-7814-4451-9DBF-1DDACB02C2C4}.Release|iPhone.Build.0 = Release|Any CPU
	EndGlobalSection
EndGlobal
